
Microsoft Visual Studio Solution File, Format Version 12.00
# Visual Studio Version 17
VisualStudioVersion = 17.14.36915.13 d17.14
MinimumVisualStudioVersion = 10.0.40219.1
Project("{FAE04EC0-301F-11D3-BF4B-00C04F79EFBC}") = "CommunityLibraryDesk", "CommunityLibraryDesk\CommunityLibraryDesk.csproj", "{9052CF65-D58A-4510-A2C4-97841CD3F103}"
EndProject
Project("{FAE04EC0-301F-11D3-BF4B-00C04F79EFBC}") = "CommunityLibraryDesk.Tests", "CommunityLibraryDesk.Tests\CommunityLibraryDesk.Tests.csproj", "{C8BDD675-09BF-4557-B231-74A3DA3311FC}"
EndProject
Global
	GlobalSection(SolutionConfigurationPlatforms) = preSolution
		Debug|Any CPU = Debug|Any CPU
		Release|Any CPU = Release|Any CPU
	EndGlobalSection
	GlobalSection(ProjectConfigurationPlatforms) = postSolution
		{9052CF65-D58A-4510-A2C4-97841CD3F103}.Debug|Any CPU.ActiveCfg = Debug|Any CPU
		{9052CF65-D58A-4510-A2C4-97841CD3F103}.Debug|Any CPU.Build.0 = Debug|Any CPU
		{9052CF65-D58A-4510-A2C4-97841CD3F103}.Release|Any CPU.ActiveCfg = Release|Any CPU
		{9052CF65-D58A-4510-A2C4-97841CD3F103}.Release|Any CPU.Build.0 = Release|Any CPU
		{C8BDD675-09BF-4557-B231-74A3DA3311FC}.Debug|Any CPU.ActiveCfg = Debug|Any CPU
		{C8BDD675-09BF-4557-B231-74A3DA3311FC}.Debug|Any CPU.Build.0 = Debug|Any CPU
		{C8BDD675-09BF-4557-B231-74A3DA3311FC}.Release|Any CPU.ActiveCfg = Release|Any CPU
		{C8BDD675-09BF-4557-B231-74A3DA3311FC}.Release|Any CPU.Build.0 = Release|Any CPU
	EndGlobalSection
	GlobalSection(SolutionProperties) = preSolution
		HideSolutionNode = FALSE
	EndGlobalSection
	GlobalSection(ExtensibilityGlobals) = postSolution
		SolutionGuid = {F34EDDAE-5531-4970-92D3-67EF09D9191A}
	EndGlobalSection
EndGlobal
