
Microsoft Visual Studio Solution File, Format Version 12.00
# Visual Studio Version 17
VisualStudioVersion = 17.14.36915.13 d17.14
MinimumVisualStudioVersion = 10.0.40219.1
Project("{FAE04EC0-301F-11D3-BF4B-00C04F79EFBC}") = "oop_s2_1_mvc_78097", "oop_s2_1_mvc_78097\oop_s2_1_mvc_78097.csproj", "{2BC7F8E6-3AD6-447F-A46B-86836FFC89D2}"
EndProject
Global
	GlobalSection(SolutionConfigurationPlatforms) = preSolution
		Debug|Any CPU = Debug|Any CPU
		Release|Any CPU = Release|Any CPU
	EndGlobalSection
	GlobalSection(ProjectConfigurationPlatforms) = postSolution
		{2BC7F8E6-3AD6-447F-A46B-86836FFC89D2}.Debug|Any CPU.ActiveCfg = Debug|Any CPU
		{2BC7F8E6-3AD6-447F-A46B-86836FFC89D2}.Debug|Any CPU.Build.0 = Debug|Any CPU
		{2BC7F8E6-3AD6-447F-A46B-86836FFC89D2}.Release|Any CPU.ActiveCfg = Release|Any CPU
		{2BC7F8E6-3AD6-447F-A46B-86836FFC89D2}.Release|Any CPU.Build.0 = Release|Any CPU
	EndGlobalSection
	GlobalSection(SolutionProperties) = preSolution
		HideSolutionNode = FALSE
	EndGlobalSection
	GlobalSection(ExtensibilityGlobals) = postSolution
		SolutionGuid = {0104AFFD-7F54-48B4-98EA-938645ED24A2}
	EndGlobalSection
EndGlobal
